
Microsoft Visual Studio Solution File, Format Version 12.00
# Visual Studio Version 17
VisualStudioVersion = 17.9.34723.18
MinimumVisualStudioVersion = 10.0.40219.1
Project("{FAE04EC0-301F-11D3-BF4B-00C04F79EFBC}") = "A.Bit++", "A.Bit++.csproj", "{4D46F6C1-9306-4B89-B5B6-3C85F1ACCDF3}"
EndProject
Global
	GlobalSection(SolutionConfigurationPlatforms) = preSolution
		Debug|Any CPU = Debug|Any CPU
		Release|Any CPU = Release|Any CPU
	EndGlobalSection
	GlobalSection(ProjectConfigurationPlatforms) = postSolution
		{4D46F6C1-9306-4B89-B5B6-3C85F1ACCDF3}.Debug|Any CPU.ActiveCfg = Debug|Any CPU
		{4D46F6C1-9306-4B89-B5B6-3C85F1ACCDF3}.Debug|Any CPU.Build.0 = Debug|Any CPU
		{4D46F6C1-9306-4B89-B5B6-3C85F1ACCDF3}.Release|Any CPU.ActiveCfg = Release|Any CPU
		{4D46F6C1-9306-4B89-B5B6-3C85F1ACCDF3}.Release|Any CPU.Build.0 = Release|Any CPU
	EndGlobalSection
	GlobalSection(SolutionProperties) = preSolution
		HideSolutionNode = FALSE
	EndGlobalSection
	GlobalSection(ExtensibilityGlobals) = postSolution
		SolutionGuid = {181AAD6A-A3EE-4B36-948D-70B8DFB43CD2}
	EndGlobalSection
EndGlobal
